
Microsoft Visual Studio Solution File, Format Version 12.00
# Visual Studio Version 16
VisualStudioVersion = 16.0.31729.503
MinimumVisualStudioVersion = 10.0.40219.1
Project("{159641D6-6404-4A2A-AE62-294DE0FE8301}") = "ETL_DW_Cine", "ETL_DW_Cine.dtproj", "{D3BA1570-31A1-47C4-AE8A-F1165A625A20}"
EndProject
Global
	GlobalSection(SolutionConfigurationPlatforms) = preSolution
		Development|Default = Development|Default
	EndGlobalSection
	GlobalSection(ProjectConfigurationPlatforms) = postSolution
		{D3BA1570-31A1-47C4-AE8A-F1165A625A20}.Development|Default.ActiveCfg = Development
		{D3BA1570-31A1-47C4-AE8A-F1165A625A20}.Development|Default.Build.0 = Development
	EndGlobalSection
	GlobalSection(SolutionProperties) = preSolution
		HideSolutionNode = FALSE
	EndGlobalSection
	GlobalSection(ExtensibilityGlobals) = postSolution
		SolutionGuid = {88B6D636-31DB-4031-A09F-11AD6C1AF18A}
	EndGlobalSection
EndGlobal
